
Microsoft Visual Studio Solution File, Format Version 11.00
# Visual Studio 2010
Project("{FAE04EC0-301F-11D3-BF4B-00C04F79EFBC}") = "Virtual Escape Binary Dash", "Assembly-CSharp.csproj", "{8A7DEB2E-0C0C-FF61-46E0-D04A621322E7}"
EndProject
Global
	GlobalSection(SolutionConfigurationPlatforms) = preSolution
		Debug|Any CPU = Debug|Any CPU
		Release|Any CPU = Release|Any CPU
	EndGlobalSection
	GlobalSection(ProjectConfigurationPlatforms) = postSolution
		{8A7DEB2E-0C0C-FF61-46E0-D04A621322E7}.Debug|Any CPU.ActiveCfg = Debug|Any CPU
		{8A7DEB2E-0C0C-FF61-46E0-D04A621322E7}.Debug|Any CPU.Build.0 = Debug|Any CPU
		{8A7DEB2E-0C0C-FF61-46E0-D04A621322E7}.Release|Any CPU.ActiveCfg = Release|Any CPU
		{8A7DEB2E-0C0C-FF61-46E0-D04A621322E7}.Release|Any CPU.Build.0 = Release|Any CPU
	EndGlobalSection
	GlobalSection(SolutionProperties) = preSolution
		HideSolutionNode = FALSE
	EndGlobalSection
	GlobalSection(MonoDevelopProperties) = preSolution
		StartupItem = Assembly-CSharp.csproj
	EndGlobalSection
EndGlobal
